// !$*UTF8*$!
{
	archiveVersion = 1;
	classes = {
	};
	objectVersion = 48;
	objects = {

/* Begin PBXBuildFile section */
		F618DC2A204BAF12003BFEEA /* main.cpp in Sources */ = {isa = PBXBuildFile; fileRef = F618DC29204BAF12003BFEEA /* main.cpp */; };
		F629A89D20C2BB2E00DAC4BF /* bool.cpp in Sources */ = {isa = PBXBuildFile; fileRef = F629A89C20C2BB2E00DAC4BF /* bool.cpp */; };
		F629A89F20C2BCC600DAC4BF /* callbyreference.cpp in Sources */ = {isa = PBXBuildFile; fileRef = F629A89E20C2BCC600DAC4BF /* callbyreference.cpp */; };
		F629A8A120C2BD7300DAC4BF /* cashier.cpp in Sources */ = {isa = PBXBuildFile; fileRef = F629A8A020C2BD7300DAC4BF /* cashier.cpp */; };
		F629A8A320C2BE6500DAC4BF /* dataType.cpp in Sources */ = {isa = PBXBuildFile; fileRef = F629A8A220C2BE6500DAC4BF /* dataType.cpp */; };
		F629A8A520C2BEB800DAC4BF /* findPerimeter.cpp in Sources */ = {isa = PBXBuildFile; fileRef = F629A8A420C2BEB800DAC4BF /* findPerimeter.cpp */; };
		F629A8A720C2BF8D00DAC4BF /* distance.cpp in Sources */ = {isa = PBXBuildFile; fileRef = F629A8A620C2BF8D00DAC4BF /* distance.cpp */; };
		F629A8A920C2C02700DAC4BF /* expressions.cpp in Sources */ = {isa = PBXBuildFile; fileRef = F629A8A820C2C02700DAC4BF /* expressions.cpp */; };
		F629A8AB20C2C16500DAC4BF /* travelCosts.cpp in Sources */ = {isa = PBXBuildFile; fileRef = F629A8AA20C2C16500DAC4BF /* travelCosts.cpp */; };
		F6FF1FEB20C2B707001D4E2B /* solution.cpp in Sources */ = {isa = PBXBuildFile; fileRef = F6FF1FEA20C2B707001D4E2B /* solution.cpp */; };
/* End PBXBuildFile section */

/* Begin PBXCopyFilesBuildPhase section */
		F618DC24204BAF12003BFEEA /* CopyFiles */ = {
			isa = PBXCopyFilesBuildPhase;
			buildActionMask = 2147483647;
			dstPath = /usr/share/man/man1/;
			dstSubfolderSpec = 0;
			files = (
			);
			runOnlyForDeploymentPostprocessing = 1;
		};
/* End PBXCopyFilesBuildPhase section */

/* Begin PBXFileReference section */
		F618DC26204BAF12003BFEEA /* Solution_Cpp */ = {isa = PBXFileReference; explicitFileType = "compiled.mach-o.executable"; includeInIndex = 0; path = Solution_Cpp; sourceTree = BUILT_PRODUCTS_DIR; };
		F618DC29204BAF12003BFEEA /* main.cpp */ = {isa = PBXFileReference; lastKnownFileType = sourcecode.cpp.cpp; path = main.cpp; sourceTree = "<group>"; };
		F629A89C20C2BB2E00DAC4BF /* bool.cpp */ = {isa = PBXFileReference; lastKnownFileType = sourcecode.cpp.cpp; path = bool.cpp; sourceTree = "<group>"; };
		F629A89E20C2BCC600DAC4BF /* callbyreference.cpp */ = {isa = PBXFileReference; lastKnownFileType = sourcecode.cpp.cpp; path = callbyreference.cpp; sourceTree = "<group>"; };
		F629A8A020C2BD7300DAC4BF /* cashier.cpp */ = {isa = PBXFileReference; lastKnownFileType = sourcecode.cpp.cpp; path = cashier.cpp; sourceTree = "<group>"; };
		F629A8A220C2BE6500DAC4BF /* dataType.cpp */ = {isa = PBXFileReference; lastKnownFileType = sourcecode.cpp.cpp; path = dataType.cpp; sourceTree = "<group>"; };
		F629A8A420C2BEB800DAC4BF /* findPerimeter.cpp */ = {isa = PBXFileReference; lastKnownFileType = sourcecode.cpp.cpp; path = findPerimeter.cpp; sourceTree = "<group>"; };
		F629A8A620C2BF8D00DAC4BF /* distance.cpp */ = {isa = PBXFileReference; lastKnownFileType = sourcecode.cpp.cpp; path = distance.cpp; sourceTree = "<group>"; };
		F629A8A820C2C02700DAC4BF /* expressions.cpp */ = {isa = PBXFileReference; lastKnownFileType = sourcecode.cpp.cpp; path = expressions.cpp; sourceTree = "<group>"; };
		F629A8AA20C2C16500DAC4BF /* travelCosts.cpp */ = {isa = PBXFileReference; lastKnownFileType = sourcecode.cpp.cpp; path = travelCosts.cpp; sourceTree = "<group>"; };
		F6FF1FEA20C2B707001D4E2B /* solution.cpp */ = {isa = PBXFileReference; lastKnownFileType = sourcecode.cpp.cpp; path = solution.cpp; sourceTree = "<group>"; };
/* End PBXFileReference section */

/* Begin PBXFrameworksBuildPhase section */
		F618DC23204BAF12003BFEEA /* Frameworks */ = {
			isa = PBXFrameworksBuildPhase;
			buildActionMask = 2147483647;
			files = (
			);
			runOnlyForDeploymentPostprocessing = 0;
		};
/* End PBXFrameworksBuildPhase section */

/* Begin PBXGroup section */
		F618DC1D204BAF12003BFEEA = {
			isa = PBXGroup;
			children = (
				F618DC28204BAF12003BFEEA /* 02_03_solution */,
				F618DC27204BAF12003BFEEA /* Products */,
			);
			sourceTree = "<group>";
		};
		F618DC27204BAF12003BFEEA /* Products */ = {
			isa = PBXGroup;
			children = (
				F618DC26204BAF12003BFEEA /* Solution_Cpp */,
			);
			name = Products;
			sourceTree = "<group>";
		};
		F618DC28204BAF12003BFEEA /* 02_03_solution */ = {
			isa = PBXGroup;
			children = (
				F618DC29204BAF12003BFEEA /* main.cpp */,
				F6FF1FEA20C2B707001D4E2B /* solution.cpp */,
				F629A89C20C2BB2E00DAC4BF /* bool.cpp */,
				F629A89E20C2BCC600DAC4BF /* callbyreference.cpp */,
				F629A8A020C2BD7300DAC4BF /* cashier.cpp */,
				F629A8A220C2BE6500DAC4BF /* dataType.cpp */,
				F629A8A420C2BEB800DAC4BF /* findPerimeter.cpp */,
				F629A8A620C2BF8D00DAC4BF /* distance.cpp */,
				F629A8A820C2C02700DAC4BF /* expressions.cpp */,
				F629A8AA20C2C16500DAC4BF /* travelCosts.cpp */,
			);
			path = 02_03_solution;
			sourceTree = "<group>";
		};
/* End PBXGroup section */

/* Begin PBXNativeTarget section */
		F618DC25204BAF12003BFEEA /* Solution_Cpp */ = {
			isa = PBXNativeTarget;
			buildConfigurationList = F618DC2D204BAF12003BFEEA /* Build configuration list for PBXNativeTarget "Solution_Cpp" */;
			buildPhases = (
				F618DC22204BAF12003BFEEA /* Sources */,
				F618DC23204BAF12003BFEEA /* Frameworks */,
				F618DC24204BAF12003BFEEA /* CopyFiles */,
			);
			buildRules = (
			);
			dependencies = (
			);
			name = Solution_Cpp;
			productName = 02_03_solution;
			productReference = F618DC26204BAF12003BFEEA /* Solution_Cpp */;
			productType = "com.apple.product-type.tool";
		};
/* End PBXNativeTarget section */

/* Begin PBXProject section */
		F618DC1E204BAF12003BFEEA /* Project object */ = {
			isa = PBXProject;
			attributes = {
				LastUpgradeCheck = 0920;
				ORGANIZATIONNAME = kuangchi;
				TargetAttributes = {
					F618DC25204BAF12003BFEEA = {
						CreatedOnToolsVersion = 9.2;
						ProvisioningStyle = Automatic;
					};
				};
			};
			buildConfigurationList = F618DC21204BAF12003BFEEA /* Build configuration list for PBXProject "Solution_Cpp" */;
			compatibilityVersion = "Xcode 8.0";
			developmentRegion = en;
			hasScannedForEncodings = 0;
			knownRegions = (
				en,
			);
			mainGroup = F618DC1D204BAF12003BFEEA;
			productRefGroup = F618DC27204BAF12003BFEEA /* Products */;
			projectDirPath = "";
			projectRoot = "";
			targets = (
				F618DC25204BAF12003BFEEA /* Solution_Cpp */,
			);
		};
/* End PBXProject section */

/* Begin PBXSourcesBuildPhase section */
		F618DC22204BAF12003BFEEA /* Sources */ = {
			isa = PBXSourcesBuildPhase;
			buildActionMask = 2147483647;
			files = (
				F629A8A720C2BF8D00DAC4BF /* distance.cpp in Sources */,
				F6FF1FEB20C2B707001D4E2B /* solution.cpp in Sources */,
				F629A8AB20C2C16500DAC4BF /* travelCosts.cpp in Sources */,
				F618DC2A204BAF12003BFEEA /* main.cpp in Sources */,
				F629A89F20C2BCC600DAC4BF /* callbyreference.cpp in Sources */,
				F629A8A920C2C02700DAC4BF /* expressions.cpp in Sources */,
				F629A8A320C2BE6500DAC4BF /* dataType.cpp in Sources */,
				F629A89D20C2BB2E00DAC4BF /* bool.cpp in Sources */,
				F629A8A120C2BD7300DAC4BF /* cashier.cpp in Sources */,
				F629A8A520C2BEB800DAC4BF /* findPerimeter.cpp in Sources */,
			);
			runOnlyForDeploymentPostprocessing = 0;
		};
/* End PBXSourcesBuildPhase section */

/* Begin XCBuildConfiguration section */
		F618DC2B204BAF12003BFEEA /* Debug */ = {
			isa = XCBuildConfiguration;
			buildSettings = {
				ALWAYS_SEARCH_USER_PATHS = NO;
				CLANG_ANALYZER_NONNULL = YES;
				CLANG_ANALYZER_NUMBER_OBJECT_CONVERSION = YES_AGGRESSIVE;
				CLANG_CXX_LANGUAGE_STANDARD = "gnu++14";
				CLANG_CXX_LIBRARY = "libc++";
				CLANG_ENABLE_MODULES = YES;
				CLANG_ENABLE_OBJC_ARC = YES;
				CLANG_WARN_BLOCK_CAPTURE_AUTORELEASING = YES;
				CLANG_WARN_BOOL_CONVERSION = YES;
				CLANG_WARN_COMMA = YES;
				CLANG_WARN_CONSTANT_CONVERSION = YES;
				CLANG_WARN_DIRECT_OBJC_ISA_USAGE = YES_ERROR;
				CLANG_WARN_DOCUMENTATION_COMMENTS = YES;
				CLANG_WARN_EMPTY_BODY = YES;
				CLANG_WARN_ENUM_CONVERSION = YES;
				CLANG_WARN_INFINITE_RECURSION = YES;
				CLANG_WARN_INT_CONVERSION = YES;
				CLANG_WARN_NON_LITERAL_NULL_CONVERSION = YES;
				CLANG_WARN_OBJC_LITERAL_CONVERSION = YES;
				CLANG_WARN_OBJC_ROOT_CLASS = YES_ERROR;
				CLANG_WARN_RANGE_LOOP_ANALYSIS = YES;
				CLANG_WARN_STRICT_PROTOTYPES = YES;
				CLANG_WARN_SUSPICIOUS_MOVE = YES;
				CLANG_WARN_UNGUARDED_AVAILABILITY = YES_AGGRESSIVE;
				CLANG_WARN_UNREACHABLE_CODE = YES;
				CLANG_WARN__DUPLICATE_METHOD_MATCH = YES;
				CODE_SIGN_IDENTITY = "-";
				COPY_PHASE_STRIP = NO;
				DEBUG_INFORMATION_FORMAT = dwarf;
				ENABLE_STRICT_OBJC_MSGSEND = YES;
				ENABLE_TESTABILITY = YES;
				GCC_C_LANGUAGE_STANDARD = gnu11;
				GCC_DYNAMIC_NO_PIC = NO;
				GCC_NO_COMMON_BLOCKS = YES;
				GCC_OPTIMIZATION_LEVEL = 0;
				GCC_PREPROCESSOR_DEFINITIONS = (
					"DEBUG=1",
					"$(inherited)",
				);
				GCC_WARN_64_TO_32_BIT_CONVERSION = YES;
				GCC_WARN_ABOUT_RETURN_TYPE = YES_ERROR;
				GCC_WARN_UNDECLARED_SELECTOR = YES;
				GCC_WARN_UNINITIALIZED_AUTOS = YES_AGGRESSIVE;
				GCC_WARN_UNUSED_FUNCTION = YES;
				GCC_WARN_UNUSED_VARIABLE = YES;
				MACOSX_DEPLOYMENT_TARGET = 10.13;
				MTL_ENABLE_DEBUG_INFO = YES;
				ONLY_ACTIVE_ARCH = YES;
				SDKROOT = macosx;
			};
			name = Debug;
		};
		F618DC2C204BAF12003BFEEA /* Release */ = {
			isa = XCBuildConfiguration;
			buildSettings = {
				ALWAYS_SEARCH_USER_PATHS = NO;
				CLANG_ANALYZER_NONNULL = YES;
				CLANG_ANALYZER_NUMBER_OBJECT_CONVERSION = YES_AGGRESSIVE;
				CLANG_CXX_LANGUAGE_STANDARD = "gnu++14";
				CLANG_CXX_LIBRARY = "libc++";
				CLANG_ENABLE_MODULES = YES;
				CLANG_ENABLE_OBJC_ARC = YES;
				CLANG_WARN_BLOCK_CAPTURE_AUTORELEASING = YES;
				CLANG_WARN_BOOL_CONVERSION = YES;
				CLANG_WARN_COMMA = YES;
				CLANG_WARN_CONSTANT_CONVERSION = YES;
				CLANG_WARN_DIRECT_OBJC_ISA_USAGE = YES_ERROR;
				CLANG_WARN_DOCUMENTATION_COMMENTS = YES;
				CLANG_WARN_EMPTY_BODY = YES;
				CLANG_WARN_ENUM_CONVERSION = YES;
				CLANG_WARN_INFINITE_RECURSION = YES;
				CLANG_WARN_INT_CONVERSION = YES;
				CLANG_WARN_NON_LITERAL_NULL_CONVERSION = YES;
				CLANG_WARN_OBJC_LITERAL_CONVERSION = YES;
				CLANG_WARN_OBJC_ROOT_CLASS = YES_ERROR;
				CLANG_WARN_RANGE_LOOP_ANALYSIS = YES;
				CLANG_WARN_STRICT_PROTOTYPES = YES;
				CLANG_WARN_SUSPICIOUS_MOVE = YES;
				CLANG_WARN_UNGUARDED_AVAILABILITY = YES_AGGRESSIVE;
				CLANG_WARN_UNREACHABLE_CODE = YES;
				CLANG_WARN__DUPLICATE_METHOD_MATCH = YES;
				CODE_SIGN_IDENTITY = "-";
				COPY_PHASE_STRIP = NO;
				DEBUG_INFORMATION_FORMAT = "dwarf-with-dsym";
				ENABLE_NS_ASSERTIONS = NO;
				ENABLE_STRICT_OBJC_MSGSEND = YES;
				GCC_C_LANGUAGE_STANDARD = gnu11;
				GCC_NO_COMMON_BLOCKS = YES;
				GCC_WARN_64_TO_32_BIT_CONVERSION = YES;
				GCC_WARN_ABOUT_RETURN_TYPE = YES_ERROR;
				GCC_WARN_UNDECLARED_SELECTOR = YES;
				GCC_WARN_UNINITIALIZED_AUTOS = YES_AGGRESSIVE;
				GCC_WARN_UNUSED_FUNCTION = YES;
				GCC_WARN_UNUSED_VARIABLE = YES;
				MACOSX_DEPLOYMENT_TARGET = 10.13;
				MTL_ENABLE_DEBUG_INFO = NO;
				SDKROOT = macosx;
			};
			name = Release;
		};
		F618DC2E204BAF12003BFEEA /* Debug */ = {
			isa = XCBuildConfiguration;
			buildSettings = {
				CODE_SIGN_STYLE = Automatic;
				PRODUCT_NAME = "$(TARGET_NAME)";
			};
			name = Debug;
		};
		F618DC2F204BAF12003BFEEA /* Release */ = {
			isa = XCBuildConfiguration;
			buildSettings = {
				CODE_SIGN_STYLE = Automatic;
				PRODUCT_NAME = "$(TARGET_NAME)";
			};
			name = Release;
		};
/* End XCBuildConfiguration section */

/* Begin XCConfigurationList section */
		F618DC21204BAF12003BFEEA /* Build configuration list for PBXProject "Solution_Cpp" */ = {
			isa = XCConfigurationList;
			buildConfigurations = (
				F618DC2B204BAF12003BFEEA /* Debug */,
				F618DC2C204BAF12003BFEEA /* Release */,
			);
			defaultConfigurationIsVisible = 0;
			defaultConfigurationName = Release;
		};
		F618DC2D204BAF12003BFEEA /* Build configuration list for PBXNativeTarget "Solution_Cpp" */ = {
			isa = XCConfigurationList;
			buildConfigurations = (
				F618DC2E204BAF12003BFEEA /* Debug */,
				F618DC2F204BAF12003BFEEA /* Release */,
			);
			defaultConfigurationIsVisible = 0;
			defaultConfigurationName = Release;
		};
/* End XCConfigurationList section */
	};
	rootObject = F618DC1E204BAF12003BFEEA /* Project object */;
}
